github.com/misiektoja/go-composite-mldsa v0.2.0 h1:Gx4LrM5sI+S1cKiiWm73Hn6rvDqw+297IZHij1dOTqg=
github.com/misiektoja/go-composite-mldsa v0.2.0/go.mod h1:VDbjLFqIpOSO6Oga14SE3vrdIe5PgfZlk2JtajaUT50=
golang.org/x/net v0.59.0 h1:5zfYln+w5XCxwrnMMJPufRgNoXEaGxl0wo5GqPXyues=
golang.org/x/net v0.59.0/go.mod h1:2DA/G1UfVbCpQPeWTmMPGY7Cs2PkBkwu743bVX5PIVg=
